<?xml version="1.0" encoding="UTF-8" standalone="yes" ?>
<CodeBlocks_project_file>
	<FileVersion major="1" minor="6" />
	<Project>
		<Option title="MyGame" />
		<Option pch_mode="2" />
		<Option compiler="gcc-mingw64" />
		<Option show_notes="0">
			<notes>
				<![CDATA[gcc src\main.c -o mygame.exe -Iinclude -Llib -lraylib -lopengl32 -lgdi32 -lwinmm]]>
			</notes>
		</Option>
		<Build>
			<Target title="Debug">
				<Option output="mygame" prefix_auto="1" extension_auto="1" />
				<Option object_output="../raylib-platformer" />
				<Option type="0" />
				<Option compiler="gcc-mingw64" />
				<Linker>
					<Add option="-mwindows" />
				</Linker>
			</Target>
			<Target title="Release">
				<Option output="bin/Release/MyGame" prefix_auto="1" extension_auto="1" />
				<Option object_output="obj/Release/" />
				<Option type="1" />
				<Option compiler="gcc-mingw64" />
			</Target>
		</Build>
		<Compiler>
			<Add option="-fexpensive-optimizations" />
			<Add option="-Os" />
			<Add directory="include" />
		</Compiler>
		<Linker>
			<Add option="-s" />
			<Add library="raylib" />
			<Add library="opengl32" />
			<Add library="gdi32" />
			<Add library="winmm" />
			<Add directory="lib" />
		</Linker>
		<Unit filename="compile_res.bat" />
		<Unit filename="include/font_minecraft.h" />
		<Unit filename="include/texture_coin.h" />
		<Unit filename="include/texture_door.h" />
		<Unit filename="include/texture_flag.h" />
		<Unit filename="include/texture_jetpack_meter.h" />
		<Unit filename="include/texture_jetpack_particle.h" />
		<Unit filename="include/texture_key.h" />
		<Unit filename="include/texture_map_tile.h" />
		<Unit filename="include/texture_none.h" />
		<Unit filename="include/texture_player_base.h" />
		<Unit filename="include/texture_player_base_invert.h" />
		<Unit filename="include/texture_player_falling.h" />
		<Unit filename="include/texture_player_falling_invert.h" />
		<Unit filename="include/texture_spikes.h" />
		<Unit filename="src/main.c">
			<Option compilerVar="CC" />
		</Unit>
		<Extensions>
			<lib_finder disable_auto="1" />
		</Extensions>
	</Project>
</CodeBlocks_project_file>
